
Microsoft Visual Studio Solution File, Format Version 12.00
# Visual Studio Version 16
VisualStudioVersion = 16.0.29911.84
MinimumVisualStudioVersion = 10.0.40219.1
Project("{8BC9CEB8-8B4A-11D0-8D11-00A0C91BC942}") = "exercicio1", "exercicio1\exercicio1.vcxproj", "{3224D9B2-5D41-454F-871F-F95AD7AD7723}"
EndProject
Global
	GlobalSection(SolutionConfigurationPlatforms) = preSolution
		Debug|x64 = Debug|x64
		Debug|x86 = Debug|x86
		Release|x64 = Release|x64
		Release|x86 = Release|x86
	EndGlobalSection
	GlobalSection(ProjectConfigurationPlatforms) = postSolution
		{3224D9B2-5D41-454F-871F-F95AD7AD7723}.Debug|x64.ActiveCfg = Debug|x64
		{3224D9B2-5D41-454F-871F-F95AD7AD7723}.Debug|x64.Build.0 = Debug|x64
		{3224D9B2-5D41-454F-871F-F95AD7AD7723}.Debug|x86.ActiveCfg = Debug|Win32
		{3224D9B2-5D41-454F-871F-F95AD7AD7723}.Debug|x86.Build.0 = Debug|Win32
		{3224D9B2-5D41-454F-871F-F95AD7AD7723}.Release|x64.ActiveCfg = Release|x64
		{3224D9B2-5D41-454F-871F-F95AD7AD7723}.Release|x64.Build.0 = Release|x64
		{3224D9B2-5D41-454F-871F-F95AD7AD7723}.Release|x86.ActiveCfg = Release|Win32
		{3224D9B2-5D41-454F-871F-F95AD7AD7723}.Release|x86.Build.0 = Release|Win32
	EndGlobalSection
	GlobalSection(SolutionProperties) = preSolution
		HideSolutionNode = FALSE
	EndGlobalSection
	GlobalSection(ExtensibilityGlobals) = postSolution
		SolutionGuid = {70BB6371-0C69-4557-BE79-6434E6A558CE}
	EndGlobalSection
EndGlobal
